
Microsoft Visual Studio Solution File, Format Version 12.00
# Visual Studio 15
Project("{FAE04EC0-301F-11D3-BF4B-00C04F79EFBC}") = "PhotonUnityNetworking.Demos", "PhotonUnityNetworking.Demos.csproj", "{E1BB3318-0818-9491-4198-B3E6E41E2D8D}"
EndProject
Project("{FAE04EC0-301F-11D3-BF4B-00C04F79EFBC}") = "PhotonUnityNetworking.Utilities", "PhotonUnityNetworking.Utilities.csproj", "{4ADEF18C-2B40-58CC-8845-87EA20602962}"
EndProject
Project("{FAE04EC0-301F-11D3-BF4B-00C04F79EFBC}") = "Assembly-CSharp", "Assembly-CSharp.csproj", "{81AB8DCA-7726-A80C-55E8-36C06CD97565}"
EndProject
Project("{FAE04EC0-301F-11D3-BF4B-00C04F79EFBC}") = "PhotonRealtime", "PhotonRealtime.csproj", "{280124F5-F803-7415-27E3-E89B145972DB}"
EndProject
Project("{FAE04EC0-301F-11D3-BF4B-00C04F79EFBC}") = "AYellowpaper.SerializedCollections", "AYellowpaper.SerializedCollections.csproj", "{B5CFD1A9-6250-C565-763A-AD45DF58B611}"
EndProject
Project("{FAE04EC0-301F-11D3-BF4B-00C04F79EFBC}") = "PunDemos.DemoSlotcarEditor", "PunDemos.DemoSlotcarEditor.csproj", "{796F3E88-4A66-0BA7-8191-8291159B2807}"
EndProject
Project("{FAE04EC0-301F-11D3-BF4B-00C04F79EFBC}") = "PhotonUnityNetworking.Editor", "PhotonUnityNetworking.Editor.csproj", "{5D29C097-8080-0A00-8325-BB0F9C58A1A9}"
EndProject
Project("{FAE04EC0-301F-11D3-BF4B-00C04F79EFBC}") = "Assembly-CSharp-firstpass", "Assembly-CSharp-firstpass.csproj", "{BDDEF8D0-B572-A60F-A3ED-EB11C92AC49D}"
EndProject
Project("{FAE04EC0-301F-11D3-BF4B-00C04F79EFBC}") = "PhotonChat", "PhotonChat.csproj", "{2FDAED60-5F11-F33B-739B-79500FD3771A}"
EndProject
Project("{FAE04EC0-301F-11D3-BF4B-00C04F79EFBC}") = "AYellowpaper.SerializedCollections.Editor", "AYellowpaper.SerializedCollections.Editor.csproj", "{89A3416C-8486-B9AC-3E7A-CE4912AFBCBC}"
EndProject
Project("{FAE04EC0-301F-11D3-BF4B-00C04F79EFBC}") = "PhotonUnityNetworking.Utilities.PhotonPlayer.Editor", "PhotonUnityNetworking.Utilities.PhotonPlayer.Editor.csproj", "{47E26112-8FCA-9C35-533C-8556A6659C8A}"
EndProject
Project("{FAE04EC0-301F-11D3-BF4B-00C04F79EFBC}") = "PhotonUnityNetworking", "PhotonUnityNetworking.csproj", "{9A4266E6-C0FE-3B08-1702-9F5381B5ED07}"
EndProject
Project("{FAE04EC0-301F-11D3-BF4B-00C04F79EFBC}") = "PhotonUnityNetworking.Utilities.Culling.Editor", "PhotonUnityNetworking.Utilities.Culling.Editor.csproj", "{CD873B9F-0480-F10B-1CE9-27A0442FD4AB}"
EndProject
Project("{FAE04EC0-301F-11D3-BF4B-00C04F79EFBC}") = "PunDemos.DemoHubEditor", "PunDemos.DemoHubEditor.csproj", "{F2302B82-2735-6EE7-953F-22B54B87BD96}"
EndProject
Project("{FAE04EC0-301F-11D3-BF4B-00C04F79EFBC}") = "Assembly-CSharp-Editor", "Assembly-CSharp-Editor.csproj", "{9AEB9449-DE2E-5FEC-0FEB-A6B8F17BEF4D}"
EndProject
Global
	GlobalSection(SolutionConfigurationPlatforms) = preSolution
		Debug|Any CPU = Debug|Any CPU
		Release|Any CPU = Release|Any CPU
	EndGlobalSection
	GlobalSection(ProjectConfigurationPlatforms) = postSolution
		{E1BB3318-0818-9491-4198-B3E6E41E2D8D}.Debug|Any CPU.ActiveCfg = Debug|Any CPU
		{E1BB3318-0818-9491-4198-B3E6E41E2D8D}.Debug|Any CPU.Build.0 = Debug|Any CPU
		{E1BB3318-0818-9491-4198-B3E6E41E2D8D}.Release|Any CPU.ActiveCfg = Release|Any CPU
		{E1BB3318-0818-9491-4198-B3E6E41E2D8D}.Release|Any CPU.Build.0 = Release|Any CPU
		{4ADEF18C-2B40-58CC-8845-87EA20602962}.Debug|Any CPU.ActiveCfg = Debug|Any CPU
		{4ADEF18C-2B40-58CC-8845-87EA20602962}.Debug|Any CPU.Build.0 = Debug|Any CPU
		{4ADEF18C-2B40-58CC-8845-87EA20602962}.Release|Any CPU.ActiveCfg = Release|Any CPU
		{4ADEF18C-2B40-58CC-8845-87EA20602962}.Release|Any CPU.Build.0 = Release|Any CPU
		{81AB8DCA-7726-A80C-55E8-36C06CD97565}.Debug|Any CPU.ActiveCfg = Debug|Any CPU
		{81AB8DCA-7726-A80C-55E8-36C06CD97565}.Debug|Any CPU.Build.0 = Debug|Any CPU
		{81AB8DCA-7726-A80C-55E8-36C06CD97565}.Release|Any CPU.ActiveCfg = Release|Any CPU
		{81AB8DCA-7726-A80C-55E8-36C06CD97565}.Release|Any CPU.Build.0 = Release|Any CPU
		{280124F5-F803-7415-27E3-E89B145972DB}.Debug|Any CPU.ActiveCfg = Debug|Any CPU
		{280124F5-F803-7415-27E3-E89B145972DB}.Debug|Any CPU.Build.0 = Debug|Any CPU
		{280124F5-F803-7415-27E3-E89B145972DB}.Release|Any CPU.ActiveCfg = Release|Any CPU
		{280124F5-F803-7415-27E3-E89B145972DB}.Release|Any CPU.Build.0 = Release|Any CPU
		{B5CFD1A9-6250-C565-763A-AD45DF58B611}.Debug|Any CPU.ActiveCfg = Debug|Any CPU
		{B5CFD1A9-6250-C565-763A-AD45DF58B611}.Debug|Any CPU.Build.0 = Debug|Any CPU
		{B5CFD1A9-6250-C565-763A-AD45DF58B611}.Release|Any CPU.ActiveCfg = Release|Any CPU
		{B5CFD1A9-6250-C565-763A-AD45DF58B611}.Release|Any CPU.Build.0 = Release|Any CPU
		{796F3E88-4A66-0BA7-8191-8291159B2807}.Debug|Any CPU.ActiveCfg = Debug|Any CPU
		{796F3E88-4A66-0BA7-8191-8291159B2807}.Debug|Any CPU.Build.0 = Debug|Any CPU
		{796F3E88-4A66-0BA7-8191-8291159B2807}.Release|Any CPU.ActiveCfg = Release|Any CPU
		{796F3E88-4A66-0BA7-8191-8291159B2807}.Release|Any CPU.Build.0 = Release|Any CPU
		{5D29C097-8080-0A00-8325-BB0F9C58A1A9}.Debug|Any CPU.ActiveCfg = Debug|Any CPU
		{5D29C097-8080-0A00-8325-BB0F9C58A1A9}.Debug|Any CPU.Build.0 = Debug|Any CPU
		{5D29C097-8080-0A00-8325-BB0F9C58A1A9}.Release|Any CPU.ActiveCfg = Release|Any CPU
		{5D29C097-8080-0A00-8325-BB0F9C58A1A9}.Release|Any CPU.Build.0 = Release|Any CPU
		{BDDEF8D0-B572-A60F-A3ED-EB11C92AC49D}.Debug|Any CPU.ActiveCfg = Debug|Any CPU
		{BDDEF8D0-B572-A60F-A3ED-EB11C92AC49D}.Debug|Any CPU.Build.0 = Debug|Any CPU
		{BDDEF8D0-B572-A60F-A3ED-EB11C92AC49D}.Release|Any CPU.ActiveCfg = Release|Any CPU
		{BDDEF8D0-B572-A60F-A3ED-EB11C92AC49D}.Release|Any CPU.Build.0 = Release|Any CPU
		{2FDAED60-5F11-F33B-739B-79500FD3771A}.Debug|Any CPU.ActiveCfg = Debug|Any CPU
		{2FDAED60-5F11-F33B-739B-79500FD3771A}.Debug|Any CPU.Build.0 = Debug|Any CPU
		{2FDAED60-5F11-F33B-739B-79500FD3771A}.Release|Any CPU.ActiveCfg = Release|Any CPU
		{2FDAED60-5F11-F33B-739B-79500FD3771A}.Release|Any CPU.Build.0 = Release|Any CPU
		{89A3416C-8486-B9AC-3E7A-CE4912AFBCBC}.Debug|Any CPU.ActiveCfg = Debug|Any CPU
		{89A3416C-8486-B9AC-3E7A-CE4912AFBCBC}.Debug|Any CPU.Build.0 = Debug|Any CPU
		{89A3416C-8486-B9AC-3E7A-CE4912AFBCBC}.Release|Any CPU.ActiveCfg = Release|Any CPU
		{89A3416C-8486-B9AC-3E7A-CE4912AFBCBC}.Release|Any CPU.Build.0 = Release|Any CPU
		{47E26112-8FCA-9C35-533C-8556A6659C8A}.Debug|Any CPU.ActiveCfg = Debug|Any CPU
		{47E26112-8FCA-9C35-533C-8556A6659C8A}.Debug|Any CPU.Build.0 = Debug|Any CPU
		{47E26112-8FCA-9C35-533C-8556A6659C8A}.Release|Any CPU.ActiveCfg = Release|Any CPU
		{47E26112-8FCA-9C35-533C-8556A6659C8A}.Release|Any CPU.Build.0 = Release|Any CPU
		{9A4266E6-C0FE-3B08-1702-9F5381B5ED07}.Debug|Any CPU.ActiveCfg = Debug|Any CPU
		{9A4266E6-C0FE-3B08-1702-9F5381B5ED07}.Debug|Any CPU.Build.0 = Debug|Any CPU
		{9A4266E6-C0FE-3B08-1702-9F5381B5ED07}.Release|Any CPU.ActiveCfg = Release|Any CPU
		{9A4266E6-C0FE-3B08-1702-9F5381B5ED07}.Release|Any CPU.Build.0 = Release|Any CPU
		{CD873B9F-0480-F10B-1CE9-27A0442FD4AB}.Debug|Any CPU.ActiveCfg = Debug|Any CPU
		{CD873B9F-0480-F10B-1CE9-27A0442FD4AB}.Debug|Any CPU.Build.0 = Debug|Any CPU
		{CD873B9F-0480-F10B-1CE9-27A0442FD4AB}.Release|Any CPU.ActiveCfg = Release|Any CPU
		{CD873B9F-0480-F10B-1CE9-27A0442FD4AB}.Release|Any CPU.Build.0 = Release|Any CPU
		{F2302B82-2735-6EE7-953F-22B54B87BD96}.Debug|Any CPU.ActiveCfg = Debug|Any CPU
		{F2302B82-2735-6EE7-953F-22B54B87BD96}.Debug|Any CPU.Build.0 = Debug|Any CPU
		{F2302B82-2735-6EE7-953F-22B54B87BD96}.Release|Any CPU.ActiveCfg = Release|Any CPU
		{F2302B82-2735-6EE7-953F-22B54B87BD96}.Release|Any CPU.Build.0 = Release|Any CPU
		{9AEB9449-DE2E-5FEC-0FEB-A6B8F17BEF4D}.Debug|Any CPU.ActiveCfg = Debug|Any CPU
		{9AEB9449-DE2E-5FEC-0FEB-A6B8F17BEF4D}.Debug|Any CPU.Build.0 = Debug|Any CPU
		{9AEB9449-DE2E-5FEC-0FEB-A6B8F17BEF4D}.Release|Any CPU.ActiveCfg = Release|Any CPU
		{9AEB9449-DE2E-5FEC-0FEB-A6B8F17BEF4D}.Release|Any CPU.Build.0 = Release|Any CPU
	EndGlobalSection
	GlobalSection(SolutionProperties) = preSolution
		HideSolutionNode = FALSE
	EndGlobalSection
EndGlobal
